{
  "originHash" : "b258decdb10840f4f9f3c90c993488d70516a731390bea23db968ec84e217afb",
  "pins" : [
    {
      "identity" : "stark-configuration",
      "kind" : "remoteSourceControl",
      "location" : "https://github.com/starkwm/stark-configuration",
      "state" : {
        "revision" : "c034e29e15bc32c5d854efb2febd5d84d2dd05b9",
        "version" : "0.0.1"
      }
    },
    {
      "identity" : "stark-ipc",
      "kind" : "remoteSourceControl",
      "location" : "https://github.com/starkwm/stark-ipc",
      "state" : {
        "revision" : "a3a11185a6ff5a5225509ac8467193a8475eda37",
        "version" : "0.0.1"
      }
    },
    {
      "identity" : "swift-argument-parser",
      "kind" : "remoteSourceControl",
      "location" : "https://github.com/apple/swift-argument-parser",
      "state" : {
        "revision" : "6a52f3251125d74daf04fcbd5e6f08a75d074382",
        "version" : "1.8.2"
      }
    }
  ],
  "version" : 3
}
