{
  "originHash" : "9a181a7230c2274fab00cf8aecfcb8d8134b23ec68f029a76ee9579048d0fbfd",
  "pins" : [
    {
      "identity" : "stark-configuration",
      "kind" : "remoteSourceControl",
      "location" : "https://github.com/starkwm/stark-configuration",
      "state" : {
        "revision" : "c034e29e15bc32c5d854efb2febd5d84d2dd05b9",
        "version" : "0.0.1"
      }
    },
    {
      "identity" : "swift-argument-parser",
      "kind" : "remoteSourceControl",
      "location" : "https://github.com/apple/swift-argument-parser",
      "state" : {
        "revision" : "6a52f3251125d74daf04fcbd5e6f08a75d074382",
        "version" : "1.8.2"
      }
    }
  ],
  "version" : 3
}
