{
  "originHash" : "0daf12a5aa21201d9a2969721394af1950b625a79970f6b7efb8590c37d66b1b",
  "pins" : [
    {
      "identity" : "stark-configuration",
      "kind" : "remoteSourceControl",
      "location" : "https://github.com/starkwm/stark-configuration",
      "state" : {
        "revision" : "3c32aa9ac837a08857f8261b48f0625b608535f6",
        "version" : "0.0.3"
      }
    },
    {
      "identity" : "stark-ipc",
      "kind" : "remoteSourceControl",
      "location" : "https://github.com/starkwm/stark-ipc",
      "state" : {
        "revision" : "cd2a30196dd647483907be5574baef704df79665",
        "version" : "0.0.5"
      }
    },
    {
      "identity" : "swift-argument-parser",
      "kind" : "remoteSourceControl",
      "location" : "https://github.com/apple/swift-argument-parser",
      "state" : {
        "revision" : "6a52f3251125d74daf04fcbd5e6f08a75d074382",
        "version" : "1.8.2"
      }
    }
  ],
  "version" : 3
}
